
Microsoft Visual Studio Solution File, Format Version 12.00
# Visual Studio Version 16
VisualStudioVersion = 16.0.31112.23
MinimumVisualStudioVersion = 10.0.40219.1
Project("{FAE04EC0-301F-11D3-BF4B-00C04F79EFBC}") = "WebApi.HealthCheck", "WebApi.HealthCheck\WebApi.HealthCheck.csproj", "{75BEAA67-EBF4-4C30-BA2B-62FEF9938610}"
EndProject
Global
	GlobalSection(SolutionConfigurationPlatforms) = preSolution
		Debug|Any CPU = Debug|Any CPU
		Release|Any CPU = Release|Any CPU
	EndGlobalSection
	GlobalSection(ProjectConfigurationPlatforms) = postSolution
		{75BEAA67-EBF4-4C30-BA2B-62FEF9938610}.Debug|Any CPU.ActiveCfg = Debug|Any CPU
		{75BEAA67-EBF4-4C30-BA2B-62FEF9938610}.Debug|Any CPU.Build.0 = Debug|Any CPU
		{75BEAA67-EBF4-4C30-BA2B-62FEF9938610}.Release|Any CPU.ActiveCfg = Release|Any CPU
		{75BEAA67-EBF4-4C30-BA2B-62FEF9938610}.Release|Any CPU.Build.0 = Release|Any CPU
	EndGlobalSection
	GlobalSection(SolutionProperties) = preSolution
		HideSolutionNode = FALSE
	EndGlobalSection
	GlobalSection(ExtensibilityGlobals) = postSolution
		SolutionGuid = {A6C73362-C59C-44E7-802B-DCB63762319B}
	EndGlobalSection
EndGlobal
